{
  "name": "bats-snapshot",
  "version": "0.1.0",
  "lockfileVersion": 2,
  "requires": true,
  "packages": {
    "": {
      "version": "0.1.0",
      "peerDependencies": {
        "bats-assert": "git+https://github.com/ztombol/bats-assert.git#v0.3.0",
        "bats-support": "git+https://github.com/ztombol/bats-support.git#v0.2.0"
      }
    },
    "node_modules/bats-assert": {
      "version": "0.3.0",
      "resolved": "git+ssh://git@github.com/ztombol/bats-assert.git#cf1718da00bf1a7d33186ef13bb21841a77861c6",
      "peer": true,
      "peerDependencies": {
        "bats-support": "git+https://github.com/ztombol/bats-support.git#v0.2.0"
      }
    },
    "node_modules/bats-support": {
      "version": "0.2.0",
      "resolved": "git+ssh://git@github.com/ztombol/bats-support.git#d0a131831c487a1f1141e76d3ab386c89642cdff",
      "peer": true
    }
  },
  "dependencies": {
    "bats-assert": {
      "version": "git+ssh://git@github.com/ztombol/bats-assert.git#cf1718da00bf1a7d33186ef13bb21841a77861c6",
      "from": "bats-assert@git+https://github.com/ztombol/bats-assert.git#v0.3.0",
      "peer": true,
      "requires": {}
    },
    "bats-support": {
      "version": "git+ssh://git@github.com/ztombol/bats-support.git#d0a131831c487a1f1141e76d3ab386c89642cdff",
      "from": "bats-support@git+https://github.com/ztombol/bats-support.git#v0.2.0",
      "peer": true
    }
  }
}
